
Microsoft Visual Studio Solution File, Format Version 12.00
# Visual Studio Version 16
VisualStudioVersion = 16.0.30611.23
MinimumVisualStudioVersion = 10.0.40219.1
Project("{9A19103F-16F7-4668-BE54-9A1E7A4F7556}") = "IO.Swagger", "src\IO.Swagger\IO.Swagger.csproj", "{851847EB-1DA1-4883-B6B7-4870A003FC5D}"
EndProject
Global
	GlobalSection(SolutionConfigurationPlatforms) = preSolution
		Debug|Any CPU = Debug|Any CPU
		Release|Any CPU = Release|Any CPU
	EndGlobalSection
	GlobalSection(ProjectConfigurationPlatforms) = postSolution
		{851847EB-1DA1-4883-B6B7-4870A003FC5D}.Debug|Any CPU.ActiveCfg = Debug|Any CPU
		{851847EB-1DA1-4883-B6B7-4870A003FC5D}.Debug|Any CPU.Build.0 = Debug|Any CPU
		{851847EB-1DA1-4883-B6B7-4870A003FC5D}.Release|Any CPU.ActiveCfg = Release|Any CPU
		{851847EB-1DA1-4883-B6B7-4870A003FC5D}.Release|Any CPU.Build.0 = Release|Any CPU
	EndGlobalSection
	GlobalSection(SolutionProperties) = preSolution
		HideSolutionNode = FALSE
	EndGlobalSection
	GlobalSection(ExtensibilityGlobals) = postSolution
		SolutionGuid = {C51CF944-DD15-4F2F-BC5D-197A385CAE09}
	EndGlobalSection
EndGlobal
